
Microsoft Visual Studio Solution File, Format Version 12.00
# Visual Studio Version 17
VisualStudioVersion = 17.10.35013.160
MinimumVisualStudioVersion = 10.0.40219.1
Project("{FAE04EC0-301F-11D3-BF4B-00C04F79EFBC}") = "sotrs", "sotrs\sotrs.csproj", "{FE8A4B4E-73F6-4E51-B27F-DA9439F5857F}"
EndProject
Global
	GlobalSection(SolutionConfigurationPlatforms) = preSolution
		Debug|Any CPU = Debug|Any CPU
		Release|Any CPU = Release|Any CPU
	EndGlobalSection
	GlobalSection(ProjectConfigurationPlatforms) = postSolution
		{FE8A4B4E-73F6-4E51-B27F-DA9439F5857F}.Debug|Any CPU.ActiveCfg = Debug|Any CPU
		{FE8A4B4E-73F6-4E51-B27F-DA9439F5857F}.Debug|Any CPU.Build.0 = Debug|Any CPU
		{FE8A4B4E-73F6-4E51-B27F-DA9439F5857F}.Release|Any CPU.ActiveCfg = Release|Any CPU
		{FE8A4B4E-73F6-4E51-B27F-DA9439F5857F}.Release|Any CPU.Build.0 = Release|Any CPU
	EndGlobalSection
	GlobalSection(SolutionProperties) = preSolution
		HideSolutionNode = FALSE
	EndGlobalSection
	GlobalSection(ExtensibilityGlobals) = postSolution
		SolutionGuid = {BCE04E93-3E76-4105-8E00-7FEB74F1CAF1}
	EndGlobalSection
EndGlobal
